
Microsoft Visual Studio Solution File, Format Version 12.00
# Visual Studio Version 16
VisualStudioVersion = 16.0.29920.165
MinimumVisualStudioVersion = 10.0.40219.1
Project("{FAE04EC0-301F-11D3-BF4B-00C04F79EFBC}") = "WindowsForms", "WindowsForms\WindowsForms.csproj", "{07145DE7-7074-492D-BB48-70057F6A7F3B}"
EndProject
Project("{FAE04EC0-301F-11D3-BF4B-00C04F79EFBC}") = "Archivos", "Archivos\Archivos.csproj", "{2ADB25BD-2B31-4663-8C72-717F4679B937}"
EndProject
Project("{FAE04EC0-301F-11D3-BF4B-00C04F79EFBC}") = "Entidades", "Entidades\Entidades.csproj", "{67C9C4CE-0127-41CC-B83B-62F7B395E5A7}"
EndProject
Project("{FAE04EC0-301F-11D3-BF4B-00C04F79EFBC}") = "Test", "Test\Test.csproj", "{BF2DB723-974B-41C3-BA5C-54653D93D74A}"
EndProject
Project("{FAE04EC0-301F-11D3-BF4B-00C04F79EFBC}") = "TestUnitarios", "TestUnitarios\TestUnitarios.csproj", "{0BC8CE74-9A73-491D-804F-903DE296CB61}"
EndProject
Global
	GlobalSection(SolutionConfigurationPlatforms) = preSolution
		Debug|Any CPU = Debug|Any CPU
		Release|Any CPU = Release|Any CPU
	EndGlobalSection
	GlobalSection(ProjectConfigurationPlatforms) = postSolution
		{07145DE7-7074-492D-BB48-70057F6A7F3B}.Debug|Any CPU.ActiveCfg = Debug|Any CPU
		{07145DE7-7074-492D-BB48-70057F6A7F3B}.Debug|Any CPU.Build.0 = Debug|Any CPU
		{07145DE7-7074-492D-BB48-70057F6A7F3B}.Release|Any CPU.ActiveCfg = Release|Any CPU
		{07145DE7-7074-492D-BB48-70057F6A7F3B}.Release|Any CPU.Build.0 = Release|Any CPU
		{2ADB25BD-2B31-4663-8C72-717F4679B937}.Debug|Any CPU.ActiveCfg = Debug|Any CPU
		{2ADB25BD-2B31-4663-8C72-717F4679B937}.Debug|Any CPU.Build.0 = Debug|Any CPU
		{2ADB25BD-2B31-4663-8C72-717F4679B937}.Release|Any CPU.ActiveCfg = Release|Any CPU
		{2ADB25BD-2B31-4663-8C72-717F4679B937}.Release|Any CPU.Build.0 = Release|Any CPU
		{67C9C4CE-0127-41CC-B83B-62F7B395E5A7}.Debug|Any CPU.ActiveCfg = Debug|Any CPU
		{67C9C4CE-0127-41CC-B83B-62F7B395E5A7}.Debug|Any CPU.Build.0 = Debug|Any CPU
		{67C9C4CE-0127-41CC-B83B-62F7B395E5A7}.Release|Any CPU.ActiveCfg = Release|Any CPU
		{67C9C4CE-0127-41CC-B83B-62F7B395E5A7}.Release|Any CPU.Build.0 = Release|Any CPU
		{BF2DB723-974B-41C3-BA5C-54653D93D74A}.Debug|Any CPU.ActiveCfg = Debug|Any CPU
		{BF2DB723-974B-41C3-BA5C-54653D93D74A}.Debug|Any CPU.Build.0 = Debug|Any CPU
		{BF2DB723-974B-41C3-BA5C-54653D93D74A}.Release|Any CPU.ActiveCfg = Release|Any CPU
		{BF2DB723-974B-41C3-BA5C-54653D93D74A}.Release|Any CPU.Build.0 = Release|Any CPU
		{0BC8CE74-9A73-491D-804F-903DE296CB61}.Debug|Any CPU.ActiveCfg = Debug|Any CPU
		{0BC8CE74-9A73-491D-804F-903DE296CB61}.Debug|Any CPU.Build.0 = Debug|Any CPU
		{0BC8CE74-9A73-491D-804F-903DE296CB61}.Release|Any CPU.ActiveCfg = Release|Any CPU
		{0BC8CE74-9A73-491D-804F-903DE296CB61}.Release|Any CPU.Build.0 = Release|Any CPU
	EndGlobalSection
	GlobalSection(SolutionProperties) = preSolution
		HideSolutionNode = FALSE
	EndGlobalSection
	GlobalSection(ExtensibilityGlobals) = postSolution
		SolutionGuid = {86ED6B95-0EAC-42F8-B3D2-925D916BAD14}
	EndGlobalSection
EndGlobal
